
Microsoft Visual Studio Solution File, Format Version 12.00
# Visual Studio Version 16
VisualStudioVersion = 16.0.29613.14
MinimumVisualStudioVersion = 10.0.40219.1
Project("{FAE04EC0-301F-11D3-BF4B-00C04F79EFBC}") = "ASP_13-Mr.WilsonSubsChallengeBen", "ASP_13-Mr.WilsonSubsChallengeBen.csproj", "{B80A43B1-6BC9-4DB9-8460-F14089024338}"
EndProject
Global
	GlobalSection(SolutionConfigurationPlatforms) = preSolution
		Debug|Any CPU = Debug|Any CPU
		Release|Any CPU = Release|Any CPU
	EndGlobalSection
	GlobalSection(ProjectConfigurationPlatforms) = postSolution
		{B80A43B1-6BC9-4DB9-8460-F14089024338}.Debug|Any CPU.ActiveCfg = Debug|Any CPU
		{B80A43B1-6BC9-4DB9-8460-F14089024338}.Debug|Any CPU.Build.0 = Debug|Any CPU
		{B80A43B1-6BC9-4DB9-8460-F14089024338}.Release|Any CPU.ActiveCfg = Release|Any CPU
		{B80A43B1-6BC9-4DB9-8460-F14089024338}.Release|Any CPU.Build.0 = Release|Any CPU
	EndGlobalSection
	GlobalSection(SolutionProperties) = preSolution
		HideSolutionNode = FALSE
	EndGlobalSection
	GlobalSection(ExtensibilityGlobals) = postSolution
		SolutionGuid = {04DE299B-BA64-4FA9-8FBE-38F72FB84EB0}
	EndGlobalSection
EndGlobal
